// !$*UTF8*$!
{
	archiveVersion = 1;
	classes = {
	};
	objectVersion = 77;
	objects = {

/* Begin PBXBuildFile section */
		0FB42D6B550765F9112A8889 /* AppStore.swift in Sources */ = {isa = PBXBuildFile; fileRef = 180D26558E3B2A47D48D1A98 /* AppStore.swift */; };
		1CFE2DA8432A10E826F58516 /* TrainersView.swift in Sources */ = {isa = PBXBuildFile; fileRef = 3DEAC3D27BB056F96D1025FF /* TrainersView.swift */; };
		1FD046BE6F1593F7D3EEF271 /* NutritionView.swift in Sources */ = {isa = PBXBuildFile; fileRef = 242571FBF0097045E7F897B1 /* NutritionView.swift */; };
		2866A0315C8F389A005277A2 /* FitTrackApp.swift in Sources */ = {isa = PBXBuildFile; fileRef = 4DC92EA64FA76C7A468BA3F9 /* FitTrackApp.swift */; };
		3D3A41180AB9FE7A8B3FF05D /* Settings.swift in Sources */ = {isa = PBXBuildFile; fileRef = A35C0D8C9B22463B667AD369 /* Settings.swift */; };
		6791D9A391189C654CCF7D55 /* Helpers.swift in Sources */ = {isa = PBXBuildFile; fileRef = E73C4C87351CEF1A31FD6888 /* Helpers.swift */; };
		681E507926B6C128BF66184B /* WorkoutsView.swift in Sources */ = {isa = PBXBuildFile; fileRef = B8200C5A3B114EDB34024950 /* WorkoutsView.swift */; };
		7E81C44AFA0A3438E2C31DA3 /* WorkoutBuilderView.swift in Sources */ = {isa = PBXBuildFile; fileRef = 2D396FD8F524D9A32204BBF9 /* WorkoutBuilderView.swift */; };
		806C294F65A42BCA4969C6FB /* StatsView.swift in Sources */ = {isa = PBXBuildFile; fileRef = 5396B88D261AA333966E061A /* StatsView.swift */; };
		87D9DEBA6B7D84B552E792E8 /* ExerciseLibraryView.swift in Sources */ = {isa = PBXBuildFile; fileRef = 86E5EDF782B6201F2F1E04BE /* ExerciseLibraryView.swift */; };
		8F656A22F3C0CDD8A6840CA1 /* WorkoutHistoryView.swift in Sources */ = {isa = PBXBuildFile; fileRef = 3DA055D026050AD25ED7A2A5 /* WorkoutHistoryView.swift */; };
		9DA94942E6E5E999B4ACB82B /* SeedData.swift in Sources */ = {isa = PBXBuildFile; fileRef = C553FAB60A6DB0FE8332D27C /* SeedData.swift */; };
		A3F35D906A29EC84B2F80C56 /* DashboardView.swift in Sources */ = {isa = PBXBuildFile; fileRef = 181778660D0A233239C1AEE8 /* DashboardView.swift */; };
		AC0737E9D12EE6BE0E687A23 /* FitTrackUITests.swift in Sources */ = {isa = PBXBuildFile; fileRef = 201E68AAE908B5651E39E401 /* FitTrackUITests.swift */; };
		B67342A914C39F3D1CC57E06 /* Strings.swift in Sources */ = {isa = PBXBuildFile; fileRef = AB303F0E907EE3375CBB68DD /* Strings.swift */; };
		C9DCB7A0174BBA4D42CDDE13 /* ProfileView.swift in Sources */ = {isa = PBXBuildFile; fileRef = D1188529256C0D5DCC56AD06 /* ProfileView.swift */; };
		D2B7741018D99C99F3E79646 /* Models.swift in Sources */ = {isa = PBXBuildFile; fileRef = 08AD0DB28074E37EFCD0279A /* Models.swift */; };
		E3DED8DBBE3A92262F22455E /* AddFoodView.swift in Sources */ = {isa = PBXBuildFile; fileRef = 23D3C4B47C63F952AD5AD8D9 /* AddFoodView.swift */; };
		E55482CDC26E41D01076D2F2 /* SettingsView.swift in Sources */ = {isa = PBXBuildFile; fileRef = 5E5DA00E06B26F1F4D6AA340 /* SettingsView.swift */; };
		E9437D051CBBFA5AD566CC8B /* OnboardingView.swift in Sources */ = {isa = PBXBuildFile; fileRef = E657BE5452DF6E596A0D3B47 /* OnboardingView.swift */; };
		FA38B22E2052C59E3979576F /* ActiveWorkoutView.swift in Sources */ = {isa = PBXBuildFile; fileRef = 1B7C0EEC0B190B861F3AFBD4 /* ActiveWorkoutView.swift */; };
/* End PBXBuildFile section */

/* Begin PBXContainerItemProxy section */
		01F8E9CA9F02262FD4266A77 /* PBXContainerItemProxy */ = {
			isa = PBXContainerItemProxy;
			containerPortal = 15D5670798217E89438AFDD1 /* Project object */;
			proxyType = 1;
			remoteGlobalIDString = D255A6C7D5D446F750DA7FED;
			remoteInfo = FitTrack;
		};
/* End PBXContainerItemProxy section */

/* Begin PBXFileReference section */
		053108AC8BBB9B65EBA44741 /* FitTrack.app */ = {isa = PBXFileReference; includeInIndex = 0; lastKnownFileType = wrapper.application; path = FitTrack.app; sourceTree = BUILT_PRODUCTS_DIR; };
		08AD0DB28074E37EFCD0279A /* Models.swift */ = {isa = PBXFileReference; lastKnownFileType = sourcecode.swift; path = Models.swift; sourceTree = "<group>"; };
		125578C49FC616DBEE8F83AF /* Info.plist */ = {isa = PBXFileReference; lastKnownFileType = text.plist; path = Info.plist; sourceTree = "<group>"; };
		180D26558E3B2A47D48D1A98 /* AppStore.swift */ = {isa = PBXFileReference; lastKnownFileType = sourcecode.swift; path = AppStore.swift; sourceTree = "<group>"; };
		181778660D0A233239C1AEE8 /* DashboardView.swift */ = {isa = PBXFileReference; lastKnownFileType = sourcecode.swift; path = DashboardView.swift; sourceTree = "<group>"; };
		1B7C0EEC0B190B861F3AFBD4 /* ActiveWorkoutView.swift */ = {isa = PBXFileReference; lastKnownFileType = sourcecode.swift; path = ActiveWorkoutView.swift; sourceTree = "<group>"; };
		201E68AAE908B5651E39E401 /* FitTrackUITests.swift */ = {isa = PBXFileReference; lastKnownFileType = sourcecode.swift; path = FitTrackUITests.swift; sourceTree = "<group>"; };
		23D3C4B47C63F952AD5AD8D9 /* AddFoodView.swift */ = {isa = PBXFileReference; lastKnownFileType = sourcecode.swift; path = AddFoodView.swift; sourceTree = "<group>"; };
		242571FBF0097045E7F897B1 /* NutritionView.swift */ = {isa = PBXFileReference; lastKnownFileType = sourcecode.swift; path = NutritionView.swift; sourceTree = "<group>"; };
		2D396FD8F524D9A32204BBF9 /* WorkoutBuilderView.swift */ = {isa = PBXFileReference; lastKnownFileType = sourcecode.swift; path = WorkoutBuilderView.swift; sourceTree = "<group>"; };
		3DA055D026050AD25ED7A2A5 /* WorkoutHistoryView.swift */ = {isa = PBXFileReference; lastKnownFileType = sourcecode.swift; path = WorkoutHistoryView.swift; sourceTree = "<group>"; };
		3DEAC3D27BB056F96D1025FF /* TrainersView.swift */ = {isa = PBXFileReference; lastKnownFileType = sourcecode.swift; path = TrainersView.swift; sourceTree = "<group>"; };
		4DC92EA64FA76C7A468BA3F9 /* FitTrackApp.swift */ = {isa = PBXFileReference; lastKnownFileType = sourcecode.swift; path = FitTrackApp.swift; sourceTree = "<group>"; };
		5396B88D261AA333966E061A /* StatsView.swift */ = {isa = PBXFileReference; lastKnownFileType = sourcecode.swift; path = StatsView.swift; sourceTree = "<group>"; };
		5E5DA00E06B26F1F4D6AA340 /* SettingsView.swift */ = {isa = PBXFileReference; lastKnownFileType = sourcecode.swift; path = SettingsView.swift; sourceTree = "<group>"; };
		86E5EDF782B6201F2F1E04BE /* ExerciseLibraryView.swift */ = {isa = PBXFileReference; lastKnownFileType = sourcecode.swift; path = ExerciseLibraryView.swift; sourceTree = "<group>"; };
		A35C0D8C9B22463B667AD369 /* Settings.swift */ = {isa = PBXFileReference; lastKnownFileType = sourcecode.swift; path = Settings.swift; sourceTree = "<group>"; };
		AB303F0E907EE3375CBB68DD /* Strings.swift */ = {isa = PBXFileReference; lastKnownFileType = sourcecode.swift; path = Strings.swift; sourceTree = "<group>"; };
		B8200C5A3B114EDB34024950 /* WorkoutsView.swift */ = {isa = PBXFileReference; lastKnownFileType = sourcecode.swift; path = WorkoutsView.swift; sourceTree = "<group>"; };
		C553FAB60A6DB0FE8332D27C /* SeedData.swift */ = {isa = PBXFileReference; lastKnownFileType = sourcecode.swift; path = SeedData.swift; sourceTree = "<group>"; };
		D1188529256C0D5DCC56AD06 /* ProfileView.swift */ = {isa = PBXFileReference; lastKnownFileType = sourcecode.swift; path = ProfileView.swift; sourceTree = "<group>"; };
		D74324365DFFC7BD962C953B /* FitTrackUITests.xctest */ = {isa = PBXFileReference; includeInIndex = 0; lastKnownFileType = wrapper.cfbundle; path = FitTrackUITests.xctest; sourceTree = BUILT_PRODUCTS_DIR; };
		E657BE5452DF6E596A0D3B47 /* OnboardingView.swift */ = {isa = PBXFileReference; lastKnownFileType = sourcecode.swift; path = OnboardingView.swift; sourceTree = "<group>"; };
		E73C4C87351CEF1A31FD6888 /* Helpers.swift */ = {isa = PBXFileReference; lastKnownFileType = sourcecode.swift; path = Helpers.swift; sourceTree = "<group>"; };
/* End PBXFileReference section */

/* Begin PBXGroup section */
		20FEB78D73CE44A763350BFF /* FitTrackUITests */ = {
			isa = PBXGroup;
			children = (
				201E68AAE908B5651E39E401 /* FitTrackUITests.swift */,
			);
			path = FitTrackUITests;
			sourceTree = "<group>";
		};
		2F6AEF4F378A2D21988D924D /* Trainers */ = {
			isa = PBXGroup;
			children = (
				3DEAC3D27BB056F96D1025FF /* TrainersView.swift */,
			);
			path = Trainers;
			sourceTree = "<group>";
		};
		301EE577968C3139AEBF90AF = {
			isa = PBXGroup;
			children = (
				9FB3C778B1465DF47506BDE5 /* FitTrack */,
				20FEB78D73CE44A763350BFF /* FitTrackUITests */,
				AEA38702B705DAEA72C53EAD /* Products */,
			);
			sourceTree = "<group>";
		};
		53D3F01DC2D4101A2C19DC00 /* Onboarding */ = {
			isa = PBXGroup;
			children = (
				E657BE5452DF6E596A0D3B47 /* OnboardingView.swift */,
			);
			path = Onboarding;
			sourceTree = "<group>";
		};
		5557FC63C0113CCB89F88469 /* Data */ = {
			isa = PBXGroup;
			children = (
				C553FAB60A6DB0FE8332D27C /* SeedData.swift */,
				AB303F0E907EE3375CBB68DD /* Strings.swift */,
			);
			path = Data;
			sourceTree = "<group>";
		};
		7B4F14485281D51F438F2296 /* Workouts */ = {
			isa = PBXGroup;
			children = (
				1B7C0EEC0B190B861F3AFBD4 /* ActiveWorkoutView.swift */,
				86E5EDF782B6201F2F1E04BE /* ExerciseLibraryView.swift */,
				2D396FD8F524D9A32204BBF9 /* WorkoutBuilderView.swift */,
				3DA055D026050AD25ED7A2A5 /* WorkoutHistoryView.swift */,
				B8200C5A3B114EDB34024950 /* WorkoutsView.swift */,
			);
			path = Workouts;
			sourceTree = "<group>";
		};
		80B89C6867D971F64D26F325 /* Profile */ = {
			isa = PBXGroup;
			children = (
				D1188529256C0D5DCC56AD06 /* ProfileView.swift */,
				5E5DA00E06B26F1F4D6AA340 /* SettingsView.swift */,
			);
			path = Profile;
			sourceTree = "<group>";
		};
		8D02C5BB7BCA9A838E434A7D /* Store */ = {
			isa = PBXGroup;
			children = (
				180D26558E3B2A47D48D1A98 /* AppStore.swift */,
				A35C0D8C9B22463B667AD369 /* Settings.swift */,
			);
			path = Store;
			sourceTree = "<group>";
		};
		9AE3D13751DE40A717203B67 /* Views */ = {
			isa = PBXGroup;
			children = (
				9D81E82699DFD43A5DA32348 /* Dashboard */,
				F716652E3188FDF4BB25F5CC /* Nutrition */,
				53D3F01DC2D4101A2C19DC00 /* Onboarding */,
				80B89C6867D971F64D26F325 /* Profile */,
				D56666ABA7DDA70E22BC20DC /* Stats */,
				2F6AEF4F378A2D21988D924D /* Trainers */,
				7B4F14485281D51F438F2296 /* Workouts */,
			);
			path = Views;
			sourceTree = "<group>";
		};
		9D81E82699DFD43A5DA32348 /* Dashboard */ = {
			isa = PBXGroup;
			children = (
				181778660D0A233239C1AEE8 /* DashboardView.swift */,
			);
			path = Dashboard;
			sourceTree = "<group>";
		};
		9FB3C778B1465DF47506BDE5 /* FitTrack */ = {
			isa = PBXGroup;
			children = (
				4DC92EA64FA76C7A468BA3F9 /* FitTrackApp.swift */,
				125578C49FC616DBEE8F83AF /* Info.plist */,
				5557FC63C0113CCB89F88469 /* Data */,
				C9FFBEFB97CC3774F04B5E9B /* Helpers */,
				F797FA91D40F8592BAA6597C /* Models */,
				8D02C5BB7BCA9A838E434A7D /* Store */,
				9AE3D13751DE40A717203B67 /* Views */,
			);
			path = FitTrack;
			sourceTree = "<group>";
		};
		AEA38702B705DAEA72C53EAD /* Products */ = {
			isa = PBXGroup;
			children = (
				053108AC8BBB9B65EBA44741 /* FitTrack.app */,
				D74324365DFFC7BD962C953B /* FitTrackUITests.xctest */,
			);
			name = Products;
			sourceTree = "<group>";
		};
		C9FFBEFB97CC3774F04B5E9B /* Helpers */ = {
			isa = PBXGroup;
			children = (
				E73C4C87351CEF1A31FD6888 /* Helpers.swift */,
			);
			path = Helpers;
			sourceTree = "<group>";
		};
		D56666ABA7DDA70E22BC20DC /* Stats */ = {
			isa = PBXGroup;
			children = (
				5396B88D261AA333966E061A /* StatsView.swift */,
			);
			path = Stats;
			sourceTree = "<group>";
		};
		F716652E3188FDF4BB25F5CC /* Nutrition */ = {
			isa = PBXGroup;
			children = (
				23D3C4B47C63F952AD5AD8D9 /* AddFoodView.swift */,
				242571FBF0097045E7F897B1 /* NutritionView.swift */,
			);
			path = Nutrition;
			sourceTree = "<group>";
		};
		F797FA91D40F8592BAA6597C /* Models */ = {
			isa = PBXGroup;
			children = (
				08AD0DB28074E37EFCD0279A /* Models.swift */,
			);
			path = Models;
			sourceTree = "<group>";
		};
/* End PBXGroup section */

/* Begin PBXNativeTarget section */
		C840FA747C462FE4F52104E7 /* FitTrackUITests */ = {
			isa = PBXNativeTarget;
			buildConfigurationList = C112CE2B13B68F2266FB592B /* Build configuration list for PBXNativeTarget "FitTrackUITests" */;
			buildPhases = (
				49D176B584D96CAAC8D96227 /* Sources */,
			);
			buildRules = (
			);
			dependencies = (
				5F498F58988626C3EC2C46FF /* PBXTargetDependency */,
			);
			name = FitTrackUITests;
			packageProductDependencies = (
			);
			productName = FitTrackUITests;
			productReference = D74324365DFFC7BD962C953B /* FitTrackUITests.xctest */;
			productType = "com.apple.product-type.bundle.ui-testing";
		};
		D255A6C7D5D446F750DA7FED /* FitTrack */ = {
			isa = PBXNativeTarget;
			buildConfigurationList = D3B4A6B7657E5CB7FD38F812 /* Build configuration list for PBXNativeTarget "FitTrack" */;
			buildPhases = (
				522D69FECDF3C6955ABB05AD /* Sources */,
			);
			buildRules = (
			);
			dependencies = (
			);
			name = FitTrack;
			packageProductDependencies = (
			);
			productName = FitTrack;
			productReference = 053108AC8BBB9B65EBA44741 /* FitTrack.app */;
			productType = "com.apple.product-type.application";
		};
/* End PBXNativeTarget section */

/* Begin PBXProject section */
		15D5670798217E89438AFDD1 /* Project object */ = {
			isa = PBXProject;
			attributes = {
				BuildIndependentTargetsInParallel = YES;
				LastUpgradeCheck = 1430;
				TargetAttributes = {
					C840FA747C462FE4F52104E7 = {
						TestTargetID = D255A6C7D5D446F750DA7FED;
					};
				};
			};
			buildConfigurationList = 2DE973B4615ED6F7AD148BC7 /* Build configuration list for PBXProject "FitTrack" */;
			developmentRegion = en;
			hasScannedForEncodings = 0;
			knownRegions = (
				Base,
				en,
			);
			mainGroup = 301EE577968C3139AEBF90AF;
			minimizedProjectReferenceProxies = 1;
			preferredProjectObjectVersion = 77;
			productRefGroup = AEA38702B705DAEA72C53EAD /* Products */;
			projectDirPath = "";
			projectRoot = "";
			targets = (
				D255A6C7D5D446F750DA7FED /* FitTrack */,
				C840FA747C462FE4F52104E7 /* FitTrackUITests */,
			);
		};
/* End PBXProject section */

/* Begin PBXSourcesBuildPhase section */
		49D176B584D96CAAC8D96227 /* Sources */ = {
			isa = PBXSourcesBuildPhase;
			buildActionMask = 2147483647;
			files = (
				AC0737E9D12EE6BE0E687A23 /* FitTrackUITests.swift in Sources */,
			);
			runOnlyForDeploymentPostprocessing = 0;
		};
		522D69FECDF3C6955ABB05AD /* Sources */ = {
			isa = PBXSourcesBuildPhase;
			buildActionMask = 2147483647;
			files = (
				FA38B22E2052C59E3979576F /* ActiveWorkoutView.swift in Sources */,
				E3DED8DBBE3A92262F22455E /* AddFoodView.swift in Sources */,
				0FB42D6B550765F9112A8889 /* AppStore.swift in Sources */,
				A3F35D906A29EC84B2F80C56 /* DashboardView.swift in Sources */,
				87D9DEBA6B7D84B552E792E8 /* ExerciseLibraryView.swift in Sources */,
				2866A0315C8F389A005277A2 /* FitTrackApp.swift in Sources */,
				6791D9A391189C654CCF7D55 /* Helpers.swift in Sources */,
				D2B7741018D99C99F3E79646 /* Models.swift in Sources */,
				1FD046BE6F1593F7D3EEF271 /* NutritionView.swift in Sources */,
				E9437D051CBBFA5AD566CC8B /* OnboardingView.swift in Sources */,
				C9DCB7A0174BBA4D42CDDE13 /* ProfileView.swift in Sources */,
				9DA94942E6E5E999B4ACB82B /* SeedData.swift in Sources */,
				3D3A41180AB9FE7A8B3FF05D /* Settings.swift in Sources */,
				E55482CDC26E41D01076D2F2 /* SettingsView.swift in Sources */,
				806C294F65A42BCA4969C6FB /* StatsView.swift in Sources */,
				B67342A914C39F3D1CC57E06 /* Strings.swift in Sources */,
				1CFE2DA8432A10E826F58516 /* TrainersView.swift in Sources */,
				7E81C44AFA0A3438E2C31DA3 /* WorkoutBuilderView.swift in Sources */,
				8F656A22F3C0CDD8A6840CA1 /* WorkoutHistoryView.swift in Sources */,
				681E507926B6C128BF66184B /* WorkoutsView.swift in Sources */,
			);
			runOnlyForDeploymentPostprocessing = 0;
		};
/* End PBXSourcesBuildPhase section */

/* Begin PBXTargetDependency section */
		5F498F58988626C3EC2C46FF /* PBXTargetDependency */ = {
			isa = PBXTargetDependency;
			target = D255A6C7D5D446F750DA7FED /* FitTrack */;
			targetProxy = 01F8E9CA9F02262FD4266A77 /* PBXContainerItemProxy */;
		};
/* End PBXTargetDependency section */

/* Begin XCBuildConfiguration section */
		34ACA5F35B812A7DA184ABF5 /* Release */ = {
			isa = XCBuildConfiguration;
			buildSettings = {
				ASSETCATALOG_COMPILER_APPICON_NAME = AppIcon;
				CODE_SIGN_IDENTITY = "iPhone Developer";
				CURRENT_PROJECT_VERSION = 1;
				INFOPLIST_FILE = FitTrack/Info.plist;
				LD_RUNPATH_SEARCH_PATHS = (
					"$(inherited)",
					"@executable_path/Frameworks",
				);
				MARKETING_VERSION = 1.0;
				PRODUCT_BUNDLE_IDENTIFIER = com.sixjeez.FitTrack;
				SDKROOT = iphoneos;
				SWIFT_VERSION = 5.9;
				TARGETED_DEVICE_FAMILY = 1;
			};
			name = Release;
		};
		4A37BA102760A2265CAC651C /* Debug */ = {
			isa = XCBuildConfiguration;
			buildSettings = {
				BUNDLE_LOADER = "$(TEST_HOST)";
				GENERATE_INFOPLIST_FILE = YES;
				LD_RUNPATH_SEARCH_PATHS = (
					"$(inherited)",
					"@executable_path/Frameworks",
					"@loader_path/Frameworks",
				);
				PRODUCT_BUNDLE_IDENTIFIER = com.sixjeez.FitTrackUITests;
				SDKROOT = iphoneos;
				SWIFT_VERSION = 5.9;
				TARGETED_DEVICE_FAMILY = "1,2";
				TEST_TARGET_NAME = FitTrack;
			};
			name = Debug;
		};
		898808DA5013CECC6C9C5D80 /* Release */ = {
			isa = XCBuildConfiguration;
			buildSettings = {
				BUNDLE_LOADER = "$(TEST_HOST)";
				GENERATE_INFOPLIST_FILE = YES;
				LD_RUNPATH_SEARCH_PATHS = (
					"$(inherited)",
					"@executable_path/Frameworks",
					"@loader_path/Frameworks",
				);
				PRODUCT_BUNDLE_IDENTIFIER = com.sixjeez.FitTrackUITests;
				SDKROOT = iphoneos;
				SWIFT_VERSION = 5.9;
				TARGETED_DEVICE_FAMILY = "1,2";
				TEST_TARGET_NAME = FitTrack;
			};
			name = Release;
		};
		C3C7D85B3B9A0EBDFA76DB0B /* Debug */ = {
			isa = XCBuildConfiguration;
			buildSettings = {
				ALWAYS_SEARCH_USER_PATHS = NO;
				CLANG_ANALYZER_NONNULL = YES;
				CLANG_ANALYZER_NUMBER_OBJECT_CONVERSION = YES_AGGRESSIVE;
				CLANG_CXX_LANGUAGE_STANDARD = "gnu++14";
				CLANG_CXX_LIBRARY = "libc++";
				CLANG_ENABLE_MODULES = YES;
				CLANG_ENABLE_OBJC_ARC = YES;
				CLANG_ENABLE_OBJC_WEAK = YES;
				CLANG_WARN_BLOCK_CAPTURE_AUTORELEASING = YES;
				CLANG_WARN_BOOL_CONVERSION = YES;
				CLANG_WARN_COMMA = YES;
				CLANG_WARN_CONSTANT_CONVERSION = YES;
				CLANG_WARN_DEPRECATED_OBJC_IMPLEMENTATIONS = YES;
				CLANG_WARN_DIRECT_OBJC_ISA_USAGE = YES_ERROR;
				CLANG_WARN_DOCUMENTATION_COMMENTS = YES;
				CLANG_WARN_EMPTY_BODY = YES;
				CLANG_WARN_ENUM_CONVERSION = YES;
				CLANG_WARN_INFINITE_RECURSION = YES;
				CLANG_WARN_INT_CONVERSION = YES;
				CLANG_WARN_NON_LITERAL_NULL_CONVERSION = YES;
				CLANG_WARN_OBJC_IMPLICIT_RETAIN_SELF = YES;
				CLANG_WARN_OBJC_LITERAL_CONVERSION = YES;
				CLANG_WARN_OBJC_ROOT_CLASS = YES_ERROR;
				CLANG_WARN_QUOTED_INCLUDE_IN_FRAMEWORK_HEADER = YES;
				CLANG_WARN_RANGE_LOOP_ANALYSIS = YES;
				CLANG_WARN_STRICT_PROTOTYPES = YES;
				CLANG_WARN_SUSPICIOUS_MOVE = YES;
				CLANG_WARN_UNGUARDED_AVAILABILITY = YES_AGGRESSIVE;
				CLANG_WARN_UNREACHABLE_CODE = YES;
				CLANG_WARN__DUPLICATE_METHOD_MATCH = YES;
				COPY_PHASE_STRIP = NO;
				DEBUG_INFORMATION_FORMAT = dwarf;
				ENABLE_STRICT_OBJC_MSGSEND = YES;
				ENABLE_TESTABILITY = YES;
				GCC_C_LANGUAGE_STANDARD = gnu11;
				GCC_DYNAMIC_NO_PIC = NO;
				GCC_NO_COMMON_BLOCKS = YES;
				GCC_OPTIMIZATION_LEVEL = 0;
				GCC_PREPROCESSOR_DEFINITIONS = (
					"$(inherited)",
					"DEBUG=1",
				);
				GCC_WARN_64_TO_32_BIT_CONVERSION = YES;
				GCC_WARN_ABOUT_RETURN_TYPE = YES_ERROR;
				GCC_WARN_UNDECLARED_SELECTOR = YES;
				GCC_WARN_UNINITIALIZED_AUTOS = YES_AGGRESSIVE;
				GCC_WARN_UNUSED_FUNCTION = YES;
				GCC_WARN_UNUSED_VARIABLE = YES;
				IPHONEOS_DEPLOYMENT_TARGET = 17.0;
				MTL_ENABLE_DEBUG_INFO = INCLUDE_SOURCE;
				MTL_FAST_MATH = YES;
				ONLY_ACTIVE_ARCH = YES;
				PRODUCT_NAME = "$(TARGET_NAME)";
				SDKROOT = iphoneos;
				SWIFT_ACTIVE_COMPILATION_CONDITIONS = DEBUG;
				SWIFT_OPTIMIZATION_LEVEL = "-Onone";
				SWIFT_VERSION = 5.0;
			};
			name = Debug;
		};
		C61039398119BC5109C7E733 /* Release */ = {
			isa = XCBuildConfiguration;
			buildSettings = {
				ALWAYS_SEARCH_USER_PATHS = NO;
				CLANG_ANALYZER_NONNULL = YES;
				CLANG_ANALYZER_NUMBER_OBJECT_CONVERSION = YES_AGGRESSIVE;
				CLANG_CXX_LANGUAGE_STANDARD = "gnu++14";
				CLANG_CXX_LIBRARY = "libc++";
				CLANG_ENABLE_MODULES = YES;
				CLANG_ENABLE_OBJC_ARC = YES;
				CLANG_ENABLE_OBJC_WEAK = YES;
				CLANG_WARN_BLOCK_CAPTURE_AUTORELEASING = YES;
				CLANG_WARN_BOOL_CONVERSION = YES;
				CLANG_WARN_COMMA = YES;
				CLANG_WARN_CONSTANT_CONVERSION = YES;
				CLANG_WARN_DEPRECATED_OBJC_IMPLEMENTATIONS = YES;
				CLANG_WARN_DIRECT_OBJC_ISA_USAGE = YES_ERROR;
				CLANG_WARN_DOCUMENTATION_COMMENTS = YES;
				CLANG_WARN_EMPTY_BODY = YES;
				CLANG_WARN_ENUM_CONVERSION = YES;
				CLANG_WARN_INFINITE_RECURSION = YES;
				CLANG_WARN_INT_CONVERSION = YES;
				CLANG_WARN_NON_LITERAL_NULL_CONVERSION = YES;
				CLANG_WARN_OBJC_IMPLICIT_RETAIN_SELF = YES;
				CLANG_WARN_OBJC_LITERAL_CONVERSION = YES;
				CLANG_WARN_OBJC_ROOT_CLASS = YES_ERROR;
				CLANG_WARN_QUOTED_INCLUDE_IN_FRAMEWORK_HEADER = YES;
				CLANG_WARN_RANGE_LOOP_ANALYSIS = YES;
				CLANG_WARN_STRICT_PROTOTYPES = YES;
				CLANG_WARN_SUSPICIOUS_MOVE = YES;
				CLANG_WARN_UNGUARDED_AVAILABILITY = YES_AGGRESSIVE;
				CLANG_WARN_UNREACHABLE_CODE = YES;
				CLANG_WARN__DUPLICATE_METHOD_MATCH = YES;
				COPY_PHASE_STRIP = NO;
				DEBUG_INFORMATION_FORMAT = "dwarf-with-dsym";
				ENABLE_NS_ASSERTIONS = NO;
				ENABLE_STRICT_OBJC_MSGSEND = YES;
				GCC_C_LANGUAGE_STANDARD = gnu11;
				GCC_NO_COMMON_BLOCKS = YES;
				GCC_WARN_64_TO_32_BIT_CONVERSION = YES;
				GCC_WARN_ABOUT_RETURN_TYPE = YES_ERROR;
				GCC_WARN_UNDECLARED_SELECTOR = YES;
				GCC_WARN_UNINITIALIZED_AUTOS = YES_AGGRESSIVE;
				GCC_WARN_UNUSED_FUNCTION = YES;
				GCC_WARN_UNUSED_VARIABLE = YES;
				IPHONEOS_DEPLOYMENT_TARGET = 17.0;
				MTL_ENABLE_DEBUG_INFO = NO;
				MTL_FAST_MATH = YES;
				PRODUCT_NAME = "$(TARGET_NAME)";
				SDKROOT = iphoneos;
				SWIFT_COMPILATION_MODE = wholemodule;
				SWIFT_OPTIMIZATION_LEVEL = "-O";
				SWIFT_VERSION = 5.0;
			};
			name = Release;
		};
		E5967CF56F8F3C8078B379C1 /* Debug */ = {
			isa = XCBuildConfiguration;
			buildSettings = {
				ASSETCATALOG_COMPILER_APPICON_NAME = AppIcon;
				CODE_SIGN_IDENTITY = "iPhone Developer";
				CURRENT_PROJECT_VERSION = 1;
				INFOPLIST_FILE = FitTrack/Info.plist;
				LD_RUNPATH_SEARCH_PATHS = (
					"$(inherited)",
					"@executable_path/Frameworks",
				);
				MARKETING_VERSION = 1.0;
				PRODUCT_BUNDLE_IDENTIFIER = com.sixjeez.FitTrack;
				SDKROOT = iphoneos;
				SWIFT_VERSION = 5.9;
				TARGETED_DEVICE_FAMILY = 1;
			};
			name = Debug;
		};
/* End XCBuildConfiguration section */

/* Begin XCConfigurationList section */
		2DE973B4615ED6F7AD148BC7 /* Build configuration list for PBXProject "FitTrack" */ = {
			isa = XCConfigurationList;
			buildConfigurations = (
				C3C7D85B3B9A0EBDFA76DB0B /* Debug */,
				C61039398119BC5109C7E733 /* Release */,
			);
			defaultConfigurationIsVisible = 0;
			defaultConfigurationName = Debug;
		};
		C112CE2B13B68F2266FB592B /* Build configuration list for PBXNativeTarget "FitTrackUITests" */ = {
			isa = XCConfigurationList;
			buildConfigurations = (
				4A37BA102760A2265CAC651C /* Debug */,
				898808DA5013CECC6C9C5D80 /* Release */,
			);
			defaultConfigurationIsVisible = 0;
			defaultConfigurationName = Debug;
		};
		D3B4A6B7657E5CB7FD38F812 /* Build configuration list for PBXNativeTarget "FitTrack" */ = {
			isa = XCConfigurationList;
			buildConfigurations = (
				E5967CF56F8F3C8078B379C1 /* Debug */,
				34ACA5F35B812A7DA184ABF5 /* Release */,
			);
			defaultConfigurationIsVisible = 0;
			defaultConfigurationName = Debug;
		};
/* End XCConfigurationList section */
	};
	rootObject = 15D5670798217E89438AFDD1 /* Project object */;
}
